// !$*UTF8*$!
{
	archiveVersion = 1;
	classes = {
	};
	objectVersion = 46;
	objects = {

/* Begin PBXBuildFile section */
		F39E3C41158C65B6001C8285 /* UIKit.framework in Frameworks */ = {isa = PBXBuildFile; fileRef = F39E3C40158C65B6001C8285 /* UIKit.framework */; };
		F39E3C43158C65B6001C8285 /* Foundation.framework in Frameworks */ = {isa = PBXBuildFile; fileRef = F39E3C42158C65B6001C8285 /* Foundation.framework */; };
		F39E3C45158C65B6001C8285 /* CoreGraphics.framework in Frameworks */ = {isa = PBXBuildFile; fileRef = F39E3C44158C65B6001C8285 /* CoreGraphics.framework */; };
		F39E3C4B158C65B6001C8285 /* InfoPlist.strings in Resources */ = {isa = PBXBuildFile; fileRef = F39E3C49158C65B6001C8285 /* InfoPlist.strings */; };
		F39E3C4D158C65B6001C8285 /* main.m in Sources */ = {isa = PBXBuildFile; fileRef = F39E3C4C158C65B6001C8285 /* main.m */; };
		F39E3C51158C65B7001C8285 /* BDAppDelegate.m in Sources */ = {isa = PBXBuildFile; fileRef = F39E3C50158C65B6001C8285 /* BDAppDelegate.m */; };
		F39E3C61158C7AF1001C8285 /* BDMultiDownloader.m in Sources */ = {isa = PBXBuildFile; fileRef = F39E3C60158C7AF1001C8285 /* BDMultiDownloader.m */; };
		FF188F5B158EFA040014B0F9 /* BDMultiDownloader.podspec in Resources */ = {isa = PBXBuildFile; fileRef = FF188F58158EFA040014B0F9 /* BDMultiDownloader.podspec */; };
		FF188F5C158EFA040014B0F9 /* LICENSE in Resources */ = {isa = PBXBuildFile; fileRef = FF188F59158EFA040014B0F9 /* LICENSE */; };
		FF188F5D158EFA040014B0F9 /* README.md in Resources */ = {isa = PBXBuildFile; fileRef = FF188F5A158EFA040014B0F9 /* README.md */; };
		FF188F66158F198C0014B0F9 /* BDViewController.m in Sources */ = {isa = PBXBuildFile; fileRef = FF188F65158F198C0014B0F9 /* BDViewController.m */; };
		FF188F6D158F1C530014B0F9 /* BDViewController+Private.m in Sources */ = {isa = PBXBuildFile; fileRef = FF188F6C158F1C530014B0F9 /* BDViewController+Private.m */; };
		FF188F76158F45220014B0F9 /* BDCacheDemoViewController.m in Sources */ = {isa = PBXBuildFile; fileRef = FF188F74158F45220014B0F9 /* BDCacheDemoViewController.m */; };
		FF188F77158F45220014B0F9 /* BDCacheDemoViewController.xib in Resources */ = {isa = PBXBuildFile; fileRef = FF188F75158F45220014B0F9 /* BDCacheDemoViewController.xib */; };
/* End PBXBuildFile section */

/* Begin PBXFileReference section */
		F39E3C3C158C65B6001C8285 /* BDMultiDownloader.app */ = {isa = PBXFileReference; explicitFileType = wrapper.application; includeInIndex = 0; path = BDMultiDownloader.app; sourceTree = BUILT_PRODUCTS_DIR; };
		F39E3C40158C65B6001C8285 /* UIKit.framework */ = {isa = PBXFileReference; lastKnownFileType = wrapper.framework; name = UIKit.framework; path = System/Library/Frameworks/UIKit.framework; sourceTree = SDKROOT; };
		F39E3C42158C65B6001C8285 /* Foundation.framework */ = {isa = PBXFileReference; lastKnownFileType = wrapper.framework; name = Foundation.framework; path = System/Library/Frameworks/Foundation.framework; sourceTree = SDKROOT; };
		F39E3C44158C65B6001C8285 /* CoreGraphics.framework */ = {isa = PBXFileReference; lastKnownFileType = wrapper.framework; name = CoreGraphics.framework; path = System/Library/Frameworks/CoreGraphics.framework; sourceTree = SDKROOT; };
		F39E3C48158C65B6001C8285 /* BDMultiDownloader-Info.plist */ = {isa = PBXFileReference; lastKnownFileType = text.plist.xml; path = "BDMultiDownloader-Info.plist"; sourceTree = "<group>"; };
		F39E3C4A158C65B6001C8285 /* en */ = {isa = PBXFileReference; lastKnownFileType = text.plist.strings; name = en; path = en.lproj/InfoPlist.strings; sourceTree = "<group>"; };
		F39E3C4C158C65B6001C8285 /* main.m */ = {isa = PBXFileReference; lastKnownFileType = sourcecode.c.objc; path = main.m; sourceTree = "<group>"; };
		F39E3C4E158C65B6001C8285 /* BDMultiDownloader-Prefix.pch */ = {isa = PBXFileReference; lastKnownFileType = sourcecode.c.h; path = "BDMultiDownloader-Prefix.pch"; sourceTree = "<group>"; };
		F39E3C4F158C65B6001C8285 /* BDAppDelegate.h */ = {isa = PBXFileReference; lastKnownFileType = sourcecode.c.h; path = BDAppDelegate.h; sourceTree = "<group>"; };
		F39E3C50158C65B6001C8285 /* BDAppDelegate.m */ = {isa = PBXFileReference; lastKnownFileType = sourcecode.c.objc; path = BDAppDelegate.m; sourceTree = "<group>"; };
		F39E3C5F158C7AF1001C8285 /* BDMultiDownloader.h */ = {isa = PBXFileReference; fileEncoding = 4; lastKnownFileType = sourcecode.c.h; path = BDMultiDownloader.h; sourceTree = "<group>"; };
		F39E3C60158C7AF1001C8285 /* BDMultiDownloader.m */ = {isa = PBXFileReference; fileEncoding = 4; lastKnownFileType = sourcecode.c.objc; path = BDMultiDownloader.m; sourceTree = "<group>"; };
		FF188F58158EFA040014B0F9 /* BDMultiDownloader.podspec */ = {isa = PBXFileReference; fileEncoding = 4; lastKnownFileType = text; path = BDMultiDownloader.podspec; sourceTree = "<group>"; };
		FF188F59158EFA040014B0F9 /* LICENSE */ = {isa = PBXFileReference; fileEncoding = 4; lastKnownFileType = text; path = LICENSE; sourceTree = "<group>"; };
		FF188F5A158EFA040014B0F9 /* README.md */ = {isa = PBXFileReference; fileEncoding = 4; lastKnownFileType = text; path = README.md; sourceTree = "<group>"; };
		FF188F64158F198C0014B0F9 /* BDViewController.h */ = {isa = PBXFileReference; fileEncoding = 4; lastKnownFileType = sourcecode.c.h; path = BDViewController.h; sourceTree = "<group>"; };
		FF188F65158F198C0014B0F9 /* BDViewController.m */ = {isa = PBXFileReference; fileEncoding = 4; lastKnownFileType = sourcecode.c.objc; path = BDViewController.m; sourceTree = "<group>"; };
		FF188F6B158F1C530014B0F9 /* BDViewController+Private.h */ = {isa = PBXFileReference; fileEncoding = 4; lastKnownFileType = sourcecode.c.h; path = "BDViewController+Private.h"; sourceTree = "<group>"; };
		FF188F6C158F1C530014B0F9 /* BDViewController+Private.m */ = {isa = PBXFileReference; fileEncoding = 4; lastKnownFileType = sourcecode.c.objc; path = "BDViewController+Private.m"; sourceTree = "<group>"; };
		FF188F73158F45220014B0F9 /* BDCacheDemoViewController.h */ = {isa = PBXFileReference; fileEncoding = 4; lastKnownFileType = sourcecode.c.h; path = BDCacheDemoViewController.h; sourceTree = "<group>"; };
		FF188F74158F45220014B0F9 /* BDCacheDemoViewController.m */ = {isa = PBXFileReference; fileEncoding = 4; lastKnownFileType = sourcecode.c.objc; path = BDCacheDemoViewController.m; sourceTree = "<group>"; };
		FF188F75158F45220014B0F9 /* BDCacheDemoViewController.xib */ = {isa = PBXFileReference; fileEncoding = 4; lastKnownFileType = file.xib; path = BDCacheDemoViewController.xib; sourceTree = "<group>"; };
/* End PBXFileReference section */

/* Begin PBXFrameworksBuildPhase section */
		F39E3C39158C65B6001C8285 /* Frameworks */ = {
			isa = PBXFrameworksBuildPhase;
			buildActionMask = 2147483647;
			files = (
				F39E3C41158C65B6001C8285 /* UIKit.framework in Frameworks */,
				F39E3C43158C65B6001C8285 /* Foundation.framework in Frameworks */,
				F39E3C45158C65B6001C8285 /* CoreGraphics.framework in Frameworks */,
			);
			runOnlyForDeploymentPostprocessing = 0;
		};
/* End PBXFrameworksBuildPhase section */

/* Begin PBXGroup section */
		F39E3C31158C65B6001C8285 = {
			isa = PBXGroup;
			children = (
				FF188F58158EFA040014B0F9 /* BDMultiDownloader.podspec */,
				FF188F59158EFA040014B0F9 /* LICENSE */,
				FF188F5A158EFA040014B0F9 /* README.md */,
				F39E3C5E158C7AF1001C8285 /* Classes */,
				F39E3C46158C65B6001C8285 /* BDMultiDownloader */,
				F39E3C3F158C65B6001C8285 /* Frameworks */,
				F39E3C3D158C65B6001C8285 /* Products */,
			);
			sourceTree = "<group>";
		};
		F39E3C3D158C65B6001C8285 /* Products */ = {
			isa = PBXGroup;
			children = (
				F39E3C3C158C65B6001C8285 /* BDMultiDownloader.app */,
			);
			name = Products;
			sourceTree = "<group>";
		};
		F39E3C3F158C65B6001C8285 /* Frameworks */ = {
			isa = PBXGroup;
			children = (
				F39E3C40158C65B6001C8285 /* UIKit.framework */,
				F39E3C42158C65B6001C8285 /* Foundation.framework */,
				F39E3C44158C65B6001C8285 /* CoreGraphics.framework */,
			);
			name = Frameworks;
			sourceTree = "<group>";
		};
		F39E3C46158C65B6001C8285 /* BDMultiDownloader */ = {
			isa = PBXGroup;
			children = (
				F39E3C4F158C65B6001C8285 /* BDAppDelegate.h */,
				F39E3C50158C65B6001C8285 /* BDAppDelegate.m */,
				FF188F64158F198C0014B0F9 /* BDViewController.h */,
				FF188F65158F198C0014B0F9 /* BDViewController.m */,
				FF188F6B158F1C530014B0F9 /* BDViewController+Private.h */,
				FF188F6C158F1C530014B0F9 /* BDViewController+Private.m */,
				FF188F73158F45220014B0F9 /* BDCacheDemoViewController.h */,
				FF188F74158F45220014B0F9 /* BDCacheDemoViewController.m */,
				FF188F75158F45220014B0F9 /* BDCacheDemoViewController.xib */,
				F39E3C47158C65B6001C8285 /* Supporting Files */,
			);
			path = BDMultiDownloader;
			sourceTree = "<group>";
		};
		F39E3C47158C65B6001C8285 /* Supporting Files */ = {
			isa = PBXGroup;
			children = (
				F39E3C48158C65B6001C8285 /* BDMultiDownloader-Info.plist */,
				F39E3C49158C65B6001C8285 /* InfoPlist.strings */,
				F39E3C4C158C65B6001C8285 /* main.m */,
				F39E3C4E158C65B6001C8285 /* BDMultiDownloader-Prefix.pch */,
			);
			name = "Supporting Files";
			sourceTree = "<group>";
		};
		F39E3C5E158C7AF1001C8285 /* Classes */ = {
			isa = PBXGroup;
			children = (
				F39E3C5F158C7AF1001C8285 /* BDMultiDownloader.h */,
				F39E3C60158C7AF1001C8285 /* BDMultiDownloader.m */,
			);
			name = Classes;
			path = classes;
			sourceTree = "<group>";
		};
/* End PBXGroup section */

/* Begin PBXNativeTarget section */
		F39E3C3B158C65B6001C8285 /* BDMultiDownloader */ = {
			isa = PBXNativeTarget;
			buildConfigurationList = F39E3C5A158C65B7001C8285 /* Build configuration list for PBXNativeTarget "BDMultiDownloader" */;
			buildPhases = (
				F39E3C38158C65B6001C8285 /* Sources */,
				F39E3C39158C65B6001C8285 /* Frameworks */,
				F39E3C3A158C65B6001C8285 /* Resources */,
			);
			buildRules = (
			);
			dependencies = (
			);
			name = BDMultiDownloader;
			productName = BDMultiDownloader;
			productReference = F39E3C3C158C65B6001C8285 /* BDMultiDownloader.app */;
			productType = "com.apple.product-type.application";
		};
/* End PBXNativeTarget section */

/* Begin PBXProject section */
		F39E3C33158C65B6001C8285 /* Project object */ = {
			isa = PBXProject;
			attributes = {
				CLASSPREFIX = BD;
				LastUpgradeCheck = 0430;
				ORGANIZATIONNAME = Bluedot;
			};
			buildConfigurationList = F39E3C36158C65B6001C8285 /* Build configuration list for PBXProject "BDMultiDownloader" */;
			compatibilityVersion = "Xcode 3.2";
			developmentRegion = English;
			hasScannedForEncodings = 0;
			knownRegions = (
				en,
			);
			mainGroup = F39E3C31158C65B6001C8285;
			productRefGroup = F39E3C3D158C65B6001C8285 /* Products */;
			projectDirPath = "";
			projectRoot = "";
			targets = (
				F39E3C3B158C65B6001C8285 /* BDMultiDownloader */,
			);
		};
/* End PBXProject section */

/* Begin PBXResourcesBuildPhase section */
		F39E3C3A158C65B6001C8285 /* Resources */ = {
			isa = PBXResourcesBuildPhase;
			buildActionMask = 2147483647;
			files = (
				F39E3C4B158C65B6001C8285 /* InfoPlist.strings in Resources */,
				FF188F5B158EFA040014B0F9 /* BDMultiDownloader.podspec in Resources */,
				FF188F5C158EFA040014B0F9 /* LICENSE in Resources */,
				FF188F5D158EFA040014B0F9 /* README.md in Resources */,
				FF188F77158F45220014B0F9 /* BDCacheDemoViewController.xib in Resources */,
			);
			runOnlyForDeploymentPostprocessing = 0;
		};
/* End PBXResourcesBuildPhase section */

/* Begin PBXSourcesBuildPhase section */
		F39E3C38158C65B6001C8285 /* Sources */ = {
			isa = PBXSourcesBuildPhase;
			buildActionMask = 2147483647;
			files = (
				F39E3C4D158C65B6001C8285 /* main.m in Sources */,
				F39E3C51158C65B7001C8285 /* BDAppDelegate.m in Sources */,
				F39E3C61158C7AF1001C8285 /* BDMultiDownloader.m in Sources */,
				FF188F66158F198C0014B0F9 /* BDViewController.m in Sources */,
				FF188F6D158F1C530014B0F9 /* BDViewController+Private.m in Sources */,
				FF188F76158F45220014B0F9 /* BDCacheDemoViewController.m in Sources */,
			);
			runOnlyForDeploymentPostprocessing = 0;
		};
/* End PBXSourcesBuildPhase section */

/* Begin PBXVariantGroup section */
		F39E3C49158C65B6001C8285 /* InfoPlist.strings */ = {
			isa = PBXVariantGroup;
			children = (
				F39E3C4A158C65B6001C8285 /* en */,
			);
			name = InfoPlist.strings;
			sourceTree = "<group>";
		};
/* End PBXVariantGroup section */

/* Begin XCBuildConfiguration section */
		F39E3C58158C65B7001C8285 /* Debug */ = {
			isa = XCBuildConfiguration;
			buildSettings = {
				ALWAYS_SEARCH_USER_PATHS = NO;
				ARCHS = "$(ARCHS_STANDARD_32_BIT)";
				CLANG_ENABLE_OBJC_ARC = YES;
				"CODE_SIGN_IDENTITY[sdk=iphoneos*]" = "iPhone Developer";
				COPY_PHASE_STRIP = NO;
				GCC_C_LANGUAGE_STANDARD = gnu99;
				GCC_DYNAMIC_NO_PIC = NO;
				GCC_OPTIMIZATION_LEVEL = 0;
				GCC_PREPROCESSOR_DEFINITIONS = (
					"DEBUG=1",
					"$(inherited)",
				);
				GCC_SYMBOLS_PRIVATE_EXTERN = NO;
				GCC_VERSION = com.apple.compilers.llvm.clang.1_0;
				GCC_WARN_ABOUT_RETURN_TYPE = YES;
				GCC_WARN_UNINITIALIZED_AUTOS = YES;
				GCC_WARN_UNUSED_VARIABLE = YES;
				IPHONEOS_DEPLOYMENT_TARGET = 5.1;
				SDKROOT = iphoneos;
			};
			name = Debug;
		};
		F39E3C59158C65B7001C8285 /* Release */ = {
			isa = XCBuildConfiguration;
			buildSettings = {
				ALWAYS_SEARCH_USER_PATHS = NO;
				ARCHS = "$(ARCHS_STANDARD_32_BIT)";
				CLANG_ENABLE_OBJC_ARC = YES;
				"CODE_SIGN_IDENTITY[sdk=iphoneos*]" = "iPhone Developer";
				COPY_PHASE_STRIP = YES;
				GCC_C_LANGUAGE_STANDARD = gnu99;
				GCC_VERSION = com.apple.compilers.llvm.clang.1_0;
				GCC_WARN_ABOUT_RETURN_TYPE = YES;
				GCC_WARN_UNINITIALIZED_AUTOS = YES;
				GCC_WARN_UNUSED_VARIABLE = YES;
				IPHONEOS_DEPLOYMENT_TARGET = 5.1;
				OTHER_CFLAGS = "-DNS_BLOCK_ASSERTIONS=1";
				SDKROOT = iphoneos;
				VALIDATE_PRODUCT = YES;
			};
			name = Release;
		};
		F39E3C5B158C65B7001C8285 /* Debug */ = {
			isa = XCBuildConfiguration;
			buildSettings = {
				GCC_PRECOMPILE_PREFIX_HEADER = YES;
				GCC_PREFIX_HEADER = "BDMultiDownloader/BDMultiDownloader-Prefix.pch";
				INFOPLIST_FILE = "BDMultiDownloader/BDMultiDownloader-Info.plist";
				PRODUCT_NAME = "$(TARGET_NAME)";
				WRAPPER_EXTENSION = app;
			};
			name = Debug;
		};
		F39E3C5C158C65B7001C8285 /* Release */ = {
			isa = XCBuildConfiguration;
			buildSettings = {
				GCC_PRECOMPILE_PREFIX_HEADER = YES;
				GCC_PREFIX_HEADER = "BDMultiDownloader/BDMultiDownloader-Prefix.pch";
				INFOPLIST_FILE = "BDMultiDownloader/BDMultiDownloader-Info.plist";
				PRODUCT_NAME = "$(TARGET_NAME)";
				WRAPPER_EXTENSION = app;
			};
			name = Release;
		};
/* End XCBuildConfiguration section */

/* Begin XCConfigurationList section */
		F39E3C36158C65B6001C8285 /* Build configuration list for PBXProject "BDMultiDownloader" */ = {
			isa = XCConfigurationList;
			buildConfigurations = (
				F39E3C58158C65B7001C8285 /* Debug */,
				F39E3C59158C65B7001C8285 /* Release */,
			);
			defaultConfigurationIsVisible = 0;
			defaultConfigurationName = Release;
		};
		F39E3C5A158C65B7001C8285 /* Build configuration list for PBXNativeTarget "BDMultiDownloader" */ = {
			isa = XCConfigurationList;
			buildConfigurations = (
				F39E3C5B158C65B7001C8285 /* Debug */,
				F39E3C5C158C65B7001C8285 /* Release */,
			);
			defaultConfigurationIsVisible = 0;
			defaultConfigurationName = Release;
		};
/* End XCConfigurationList section */
	};
	rootObject = F39E3C33158C65B6001C8285 /* Project object */;
}
